{
  "name": "scramble-demo",
  "version": "1.0.0",
  "lockfileVersion": 3,
  "requires": true,
  "packages": {
    "": {
      "name": "scramble-demo",
      "version": "1.0.0",
      "license": "ISC",
      "dependencies": {
        "scramble_type": "^1.0.6"
      }
    },
    "node_modules/scramble_type": {
      "version": "1.0.6",
      "resolved": "https://registry.npmjs.org/scramble_type/-/scramble_type-1.0.6.tgz",
      "integrity": "sha512-yYNeVZvTn9D7hXlooiinUfzkZ5Fmj5kl4nXWVi20+JAcNhgbZUDETIlHAzujdb/kh/TF2kyWusme5QdqaadpjQ==",
      "license": "MIT"
    }
  }
}
